
Microsoft Visual Studio Solution File, Format Version 12.00
# Visual Studio Version 16
VisualStudioVersion = 16.0.30204.135
MinimumVisualStudioVersion = 10.0.40219.1
Project("{FAE04EC0-301F-11D3-BF4B-00C04F79EFBC}") = "GloriousConsoleAdventure", "GloriousConsoleAdventure.csproj", "{EA50ACFF-90C5-4440-8710-332F54CC4C1B}"
EndProject
Project("{FAE04EC0-301F-11D3-BF4B-00C04F79EFBC}") = "GloriousConsoleAdventureCore", "..\GloriousConsoleAdventureCore\GloriousConsoleAdventureCore.csproj", "{0E777EA4-A44B-4981-A6D2-E5F2FA2CCC21}"
EndProject
Global
	GlobalSection(SolutionConfigurationPlatforms) = preSolution
		Debug|Any CPU = Debug|Any CPU
		Release|Any CPU = Release|Any CPU
	EndGlobalSection
	GlobalSection(ProjectConfigurationPlatforms) = postSolution
		{EA50ACFF-90C5-4440-8710-332F54CC4C1B}.Debug|Any CPU.ActiveCfg = Debug|Any CPU
		{EA50ACFF-90C5-4440-8710-332F54CC4C1B}.Debug|Any CPU.Build.0 = Debug|Any CPU
		{EA50ACFF-90C5-4440-8710-332F54CC4C1B}.Release|Any CPU.ActiveCfg = Release|Any CPU
		{EA50ACFF-90C5-4440-8710-332F54CC4C1B}.Release|Any CPU.Build.0 = Release|Any CPU
		{0E777EA4-A44B-4981-A6D2-E5F2FA2CCC21}.Debug|Any CPU.ActiveCfg = Debug|Any CPU
		{0E777EA4-A44B-4981-A6D2-E5F2FA2CCC21}.Debug|Any CPU.Build.0 = Debug|Any CPU
		{0E777EA4-A44B-4981-A6D2-E5F2FA2CCC21}.Release|Any CPU.ActiveCfg = Release|Any CPU
		{0E777EA4-A44B-4981-A6D2-E5F2FA2CCC21}.Release|Any CPU.Build.0 = Release|Any CPU
	EndGlobalSection
	GlobalSection(SolutionProperties) = preSolution
		HideSolutionNode = FALSE
	EndGlobalSection
	GlobalSection(ExtensibilityGlobals) = postSolution
		SolutionGuid = {42593791-FE57-4892-94BE-10A25E2A5838}
	EndGlobalSection
EndGlobal
